// !$*UTF8*$!
{
	archiveVersion = 1;
	classes = {
	};
	objectVersion = 46;
	objects = {

/* Begin PBXBuildFile section */
		DD315AD61D95F6D70070B5CC /* main.cpp in Sources */ = {isa = PBXBuildFile; fileRef = DD315AD51D95F6D70070B5CC /* main.cpp */; };
/* End PBXBuildFile section */

/* Begin PBXFileReference section */
		DD315AD21D95F6D70070B5CC /* matrix_withSFML */ = {isa = PBXFileReference; explicitFileType = "compiled.mach-o.executable"; includeInIndex = 0; path = matrix_withSFML; sourceTree = BUILT_PRODUCTS_DIR; };
		DD315AD51D95F6D70070B5CC /* main.cpp */ = {isa = PBXFileReference; lastKnownFileType = sourcecode.cpp.cpp; path = main.cpp; sourceTree = "<group>"; };
		DD315AD81D95F6D70070B5CC /* cute_image.jpg */ = {isa = PBXFileReference; lastKnownFileType = image.jpeg; path = cute_image.jpg; sourceTree = "<group>"; };
		DD315AD91D95F6D70070B5CC /* nice_music.ogg */ = {isa = PBXFileReference; lastKnownFileType = file; path = nice_music.ogg; sourceTree = "<group>"; };
		DD315ADA1D95F6D70070B5CC /* sansation.ttf */ = {isa = PBXFileReference; lastKnownFileType = file; path = sansation.ttf; sourceTree = "<group>"; };
		DD315ADB1D95F6D70070B5CC /* icon.png */ = {isa = PBXFileReference; lastKnownFileType = image.png; path = icon.png; sourceTree = "<group>"; };
/* End PBXFileReference section */

/* Begin PBXFrameworksBuildPhase section */
		DD315AD01D95F6D70070B5CC /* Frameworks */ = {
			isa = PBXFrameworksBuildPhase;
			buildActionMask = 2147483647;
			files = (
			);
			runOnlyForDeploymentPostprocessing = 0;
		};
/* End PBXFrameworksBuildPhase section */

/* Begin PBXGroup section */
		DD315ACA1D95F6D70070B5CC = {
			isa = PBXGroup;
			children = (
				DD315AD41D95F6D70070B5CC /* matrix_withSFML */,
				DD315AD31D95F6D70070B5CC /* Products */,
			);
			sourceTree = "<group>";
		};
		DD315AD31D95F6D70070B5CC /* Products */ = {
			isa = PBXGroup;
			children = (
				DD315AD21D95F6D70070B5CC /* matrix_withSFML */,
			);
			name = Products;
			sourceTree = "<group>";
		};
		DD315AD41D95F6D70070B5CC /* matrix_withSFML */ = {
			isa = PBXGroup;
			children = (
				DD315AD51D95F6D70070B5CC /* main.cpp */,
				DD315AD71D95F6D70070B5CC /* Resources */,
			);
			path = matrix_withSFML;
			sourceTree = "<group>";
		};
		DD315AD71D95F6D70070B5CC /* Resources */ = {
			isa = PBXGroup;
			children = (
				DD315AD81D95F6D70070B5CC /* cute_image.jpg */,
				DD315AD91D95F6D70070B5CC /* nice_music.ogg */,
				DD315ADA1D95F6D70070B5CC /* sansation.ttf */,
				DD315ADB1D95F6D70070B5CC /* icon.png */,
			);
			name = Resources;
			sourceTree = "<group>";
		};
/* End PBXGroup section */

/* Begin PBXNativeTarget section */
		DD315AD11D95F6D70070B5CC /* matrix_withSFML */ = {
			isa = PBXNativeTarget;
			buildConfigurationList = DD315ADE1D95F6D70070B5CC /* Build configuration list for PBXNativeTarget "matrix_withSFML" */;
			buildPhases = (
				DD315ACF1D95F6D70070B5CC /* Sources */,
				DD315AD01D95F6D70070B5CC /* Frameworks */,
			);
			buildRules = (
			);
			dependencies = (
			);
			name = matrix_withSFML;
			productName = matrix_withSFML;
			productReference = DD315AD21D95F6D70070B5CC /* matrix_withSFML */;
			productType = "com.apple.product-type.tool";
		};
/* End PBXNativeTarget section */

/* Begin PBXProject section */
		DD315ACB1D95F6D70070B5CC /* Project object */ = {
			isa = PBXProject;
			attributes = {
				LastUpgradeCheck = 0730;
				ORGANIZATIONNAME = "Jonas Solsvik";
				TargetAttributes = {
					DD315AD11D95F6D70070B5CC = {
						CreatedOnToolsVersion = 7.3.1;
					};
				};
			};
			buildConfigurationList = DD315ACE1D95F6D70070B5CC /* Build configuration list for PBXProject "matrix_withSFML" */;
			compatibilityVersion = "Xcode 3.2";
			developmentRegion = English;
			hasScannedForEncodings = 0;
			knownRegions = (
				en,
			);
			mainGroup = DD315ACA1D95F6D70070B5CC;
			productRefGroup = DD315AD31D95F6D70070B5CC /* Products */;
			projectDirPath = "";
			projectRoot = "";
			targets = (
				DD315AD11D95F6D70070B5CC /* matrix_withSFML */,
			);
		};
/* End PBXProject section */

/* Begin PBXSourcesBuildPhase section */
		DD315ACF1D95F6D70070B5CC /* Sources */ = {
			isa = PBXSourcesBuildPhase;
			buildActionMask = 2147483647;
			files = (
				DD315AD61D95F6D70070B5CC /* main.cpp in Sources */,
			);
			runOnlyForDeploymentPostprocessing = 0;
		};
/* End PBXSourcesBuildPhase section */

/* Begin XCBuildConfiguration section */
		DD315ADC1D95F6D70070B5CC /* Debug */ = {
			isa = XCBuildConfiguration;
			buildSettings = {
				ARCHS = "$(NATIVE_ARCH_ACTUAL)";
				CLANG_CXX_LANGUAGE_STANDARD = "c++0x";
				CLANG_CXX_LIBRARY = "libc++";
				FRAMEWORK_SEARCH_PATHS = (
					/Library/Frameworks/,
					"$(inherited)",
				);
				GCC_VERSION = com.apple.compilers.llvm.clang.1_0;
				HEADER_SEARCH_PATHS = (
					/usr/local/include/,
					"$(inherited)",
				);
				LIBRARY_SEARCH_PATHS = (
					/usr/local/lib/,
					"$(inherited)",
				);
				MACOSX_DEPLOYMENT_TARGET = 10.7;
				OTHER_LDFLAGS = (
					"$(inherited)",
					"$(SFML_SYSTEM)",
					"$(SFML_WINDOW)",
					"$(SFML_GRAPHICS)",
					"$(SFML_AUDIO)",
					"$(SFML_NETWORK)",
				);
				SFML_AUDIO = "$(SFML_LINK_PREFIX) sfml-audio$(SFML_LINK_SUFFIX)";
				SFML_BINARY_TYPE = FRAMEWORKS;
				SFML_GRAPHICS = "$(SFML_LINK_PREFIX) sfml-graphics$(SFML_LINK_SUFFIX)";
				SFML_LINK_DYLIBS_PREFIX = "-l";
				SFML_LINK_DYLIBS_SUFFIX = "";
				SFML_LINK_FRAMEWORKS_PREFIX = "-framework";
				SFML_LINK_FRAMEWORKS_SUFFIX = "";
				SFML_LINK_PREFIX = "$(SFML_LINK_$(SFML_BINARY_TYPE)_PREFIX)";
				SFML_LINK_SUFFIX = "$(SFML_LINK_$(SFML_BINARY_TYPE)_SUFFIX)";
				SFML_NETWORK = "$(SFML_LINK_PREFIX) sfml-network$(SFML_LINK_SUFFIX)";
				SFML_SYSTEM = "$(SFML_LINK_PREFIX) sfml-system$(SFML_LINK_SUFFIX)";
				SFML_WINDOW = "$(SFML_LINK_PREFIX) sfml-window$(SFML_LINK_SUFFIX)";
				SUPPORTED_PLATFORMS = macosx;
			};
			name = Debug;
		};
		DD315ADD1D95F6D70070B5CC /* Release */ = {
			isa = XCBuildConfiguration;
			buildSettings = {
				ARCHS = "$(NATIVE_ARCH_ACTUAL)";
				CLANG_CXX_LANGUAGE_STANDARD = "c++0x";
				CLANG_CXX_LIBRARY = "libc++";
				FRAMEWORK_SEARCH_PATHS = (
					/Library/Frameworks/,
					"$(inherited)",
				);
				GCC_VERSION = com.apple.compilers.llvm.clang.1_0;
				HEADER_SEARCH_PATHS = (
					/usr/local/include/,
					"$(inherited)",
				);
				LIBRARY_SEARCH_PATHS = (
					/usr/local/lib/,
					"$(inherited)",
				);
				MACOSX_DEPLOYMENT_TARGET = 10.7;
				OTHER_LDFLAGS = (
					"$(inherited)",
					"$(SFML_SYSTEM)",
					"$(SFML_WINDOW)",
					"$(SFML_GRAPHICS)",
					"$(SFML_AUDIO)",
					"$(SFML_NETWORK)",
				);
				SFML_AUDIO = "$(SFML_LINK_PREFIX) sfml-audio$(SFML_LINK_SUFFIX)";
				SFML_BINARY_TYPE = FRAMEWORKS;
				SFML_GRAPHICS = "$(SFML_LINK_PREFIX) sfml-graphics$(SFML_LINK_SUFFIX)";
				SFML_LINK_DYLIBS_PREFIX = "-l";
				SFML_LINK_DYLIBS_SUFFIX = "";
				SFML_LINK_FRAMEWORKS_PREFIX = "-framework";
				SFML_LINK_FRAMEWORKS_SUFFIX = "";
				SFML_LINK_PREFIX = "$(SFML_LINK_$(SFML_BINARY_TYPE)_PREFIX)";
				SFML_LINK_SUFFIX = "$(SFML_LINK_$(SFML_BINARY_TYPE)_SUFFIX)";
				SFML_NETWORK = "$(SFML_LINK_PREFIX) sfml-network$(SFML_LINK_SUFFIX)";
				SFML_SYSTEM = "$(SFML_LINK_PREFIX) sfml-system$(SFML_LINK_SUFFIX)";
				SFML_WINDOW = "$(SFML_LINK_PREFIX) sfml-window$(SFML_LINK_SUFFIX)";
				SUPPORTED_PLATFORMS = macosx;
			};
			name = Release;
		};
		DD315ADF1D95F6D70070B5CC /* Debug */ = {
			isa = XCBuildConfiguration;
			buildSettings = {
				PRODUCT_NAME = "$(TARGET_NAME)";
			};
			name = Debug;
		};
		DD315AE01D95F6D70070B5CC /* Release */ = {
			isa = XCBuildConfiguration;
			buildSettings = {
				PRODUCT_NAME = "$(TARGET_NAME)";
			};
			name = Release;
		};
/* End XCBuildConfiguration section */

/* Begin XCConfigurationList section */
		DD315ACE1D95F6D70070B5CC /* Build configuration list for PBXProject "matrix_withSFML" */ = {
			isa = XCConfigurationList;
			buildConfigurations = (
				DD315ADC1D95F6D70070B5CC /* Debug */,
				DD315ADD1D95F6D70070B5CC /* Release */,
			);
			defaultConfigurationIsVisible = 0;
			defaultConfigurationName = Release;
		};
		DD315ADE1D95F6D70070B5CC /* Build configuration list for PBXNativeTarget "matrix_withSFML" */ = {
			isa = XCConfigurationList;
			buildConfigurations = (
				DD315ADF1D95F6D70070B5CC /* Debug */,
				DD315AE01D95F6D70070B5CC /* Release */,
			);
			defaultConfigurationIsVisible = 0;
		};
/* End XCConfigurationList section */
	};
	rootObject = DD315ACB1D95F6D70070B5CC /* Project object */;
}
